
Microsoft Visual Studio Solution File, Format Version 12.00
# Visual Studio Version 17
VisualStudioVersion = 17.0.31903.59
MinimumVisualStudioVersion = 10.0.40219.1
Project("{9A19103F-16F7-4668-BE54-9A1E7A4F7556}") = "Chinahoo.Web", "Chinahoo.Web\Chinahoo.Web.csproj", "{360BC567-9676-44B9-82BC-B42EB0B141DB}"
EndProject
Project("{9A19103F-16F7-4668-BE54-9A1E7A4F7556}") = "Chinahoo.Core", "Chinahoo.Core\Chinahoo.Core.csproj", "{00CD4208-2385-42C9-A94C-91338594818E}"
EndProject
Global
	GlobalSection(SolutionConfigurationPlatforms) = preSolution
		Debug|Any CPU = Debug|Any CPU
		Release|Any CPU = Release|Any CPU
	EndGlobalSection
	GlobalSection(ProjectConfigurationPlatforms) = postSolution
		{360BC567-9676-44B9-82BC-B42EB0B141DB}.Debug|Any CPU.ActiveCfg = Debug|Any CPU
		{360BC567-9676-44B9-82BC-B42EB0B141DB}.Debug|Any CPU.Build.0 = Debug|Any CPU
		{360BC567-9676-44B9-82BC-B42EB0B141DB}.Release|Any CPU.ActiveCfg = Release|Any CPU
		{360BC567-9676-44B9-82BC-B42EB0B141DB}.Release|Any CPU.Build.0 = Release|Any CPU
		{00CD4208-2385-42C9-A94C-91338594818E}.Debug|Any CPU.ActiveCfg = Debug|Any CPU
		{00CD4208-2385-42C9-A94C-91338594818E}.Debug|Any CPU.Build.0 = Debug|Any CPU
		{00CD4208-2385-42C9-A94C-91338594818E}.Release|Any CPU.ActiveCfg = Release|Any CPU
		{00CD4208-2385-42C9-A94C-91338594818E}.Release|Any CPU.Build.0 = Release|Any CPU
	EndGlobalSection
	GlobalSection(SolutionProperties) = preSolution
		HideSolutionNode = FALSE
	EndGlobalSection
	GlobalSection(ExtensibilityGlobals) = postSolution
		SolutionGuid = {8E606DFF-8EDC-4AF5-8D87-BE9DDFE467BC}
	EndGlobalSection
EndGlobal
